// !$*UTF8*$!
{
	archiveVersion = 1;
	classes = {
	};
	objectVersion = 46;
	objects = {

/* Begin PBXBuildFile section */
		ACC3F2941DA4EB530066C348 /* AppDelegate.swift in Sources */ = {isa = PBXBuildFile; fileRef = ACC3F2931DA4EB530066C348 /* AppDelegate.swift */; };
		ACC3F2961DA4EB530066C348 /* ViewController.swift in Sources */ = {isa = PBXBuildFile; fileRef = ACC3F2951DA4EB530066C348 /* ViewController.swift */; };
		ACC3F2991DA4EB540066C348 /* Main.storyboard in Resources */ = {isa = PBXBuildFile; fileRef = ACC3F2971DA4EB540066C348 /* Main.storyboard */; };
		ACC3F29B1DA4EB540066C348 /* Assets.xcassets in Resources */ = {isa = PBXBuildFile; fileRef = ACC3F29A1DA4EB540066C348 /* Assets.xcassets */; };
		ACC3F29E1DA4EB540066C348 /* LaunchScreen.storyboard in Resources */ = {isa = PBXBuildFile; fileRef = ACC3F29C1DA4EB540066C348 /* LaunchScreen.storyboard */; };
		ACC3F2B01DA4EF0E0066C348 /* MIFabButton.swift in Sources */ = {isa = PBXBuildFile; fileRef = ACC3F2A71DA4EF0E0066C348 /* MIFabButton.swift */; };
		ACC3F2B11DA4EF0E0066C348 /* MIFabButton.xib in Resources */ = {isa = PBXBuildFile; fileRef = ACC3F2A81DA4EF0E0066C348 /* MIFabButton.xib */; };
		ACC3F2B21DA4EF0E0066C348 /* MIFab.swift in Sources */ = {isa = PBXBuildFile; fileRef = ACC3F2A91DA4EF0E0066C348 /* MIFab.swift */; };
		ACC3F2B31DA4EF0E0066C348 /* MIFabOptionCell.swift in Sources */ = {isa = PBXBuildFile; fileRef = ACC3F2AC1DA4EF0E0066C348 /* MIFabOptionCell.swift */; };
		ACC3F2B41DA4EF0E0066C348 /* MIFabOptionCell.xib in Resources */ = {isa = PBXBuildFile; fileRef = ACC3F2AD1DA4EF0E0066C348 /* MIFabOptionCell.xib */; };
		ACC3F2B51DA4EF0E0066C348 /* MIFabOptionsVC.swift in Sources */ = {isa = PBXBuildFile; fileRef = ACC3F2AE1DA4EF0E0066C348 /* MIFabOptionsVC.swift */; };
		ACC3F2B61DA4EF0E0066C348 /* MIFabOptionsVC.xib in Resources */ = {isa = PBXBuildFile; fileRef = ACC3F2AF1DA4EF0E0066C348 /* MIFabOptionsVC.xib */; };
/* End PBXBuildFile section */

/* Begin PBXFileReference section */
		ACC3F2901DA4EB530066C348 /* MIFabDemo.app */ = {isa = PBXFileReference; explicitFileType = wrapper.application; includeInIndex = 0; path = MIFabDemo.app; sourceTree = BUILT_PRODUCTS_DIR; };
		ACC3F2931DA4EB530066C348 /* AppDelegate.swift */ = {isa = PBXFileReference; lastKnownFileType = sourcecode.swift; path = AppDelegate.swift; sourceTree = "<group>"; };
		ACC3F2951DA4EB530066C348 /* ViewController.swift */ = {isa = PBXFileReference; lastKnownFileType = sourcecode.swift; path = ViewController.swift; sourceTree = "<group>"; };
		ACC3F2981DA4EB540066C348 /* Base */ = {isa = PBXFileReference; lastKnownFileType = file.storyboard; name = Base; path = Base.lproj/Main.storyboard; sourceTree = "<group>"; };
		ACC3F29A1DA4EB540066C348 /* Assets.xcassets */ = {isa = PBXFileReference; lastKnownFileType = folder.assetcatalog; path = Assets.xcassets; sourceTree = "<group>"; };
		ACC3F29D1DA4EB540066C348 /* Base */ = {isa = PBXFileReference; lastKnownFileType = file.storyboard; name = Base; path = Base.lproj/LaunchScreen.storyboard; sourceTree = "<group>"; };
		ACC3F29F1DA4EB540066C348 /* Info.plist */ = {isa = PBXFileReference; lastKnownFileType = text.plist.xml; path = Info.plist; sourceTree = "<group>"; };
		ACC3F2A71DA4EF0E0066C348 /* MIFabButton.swift */ = {isa = PBXFileReference; fileEncoding = 4; lastKnownFileType = sourcecode.swift; path = MIFabButton.swift; sourceTree = "<group>"; };
		ACC3F2A81DA4EF0E0066C348 /* MIFabButton.xib */ = {isa = PBXFileReference; fileEncoding = 4; lastKnownFileType = file.xib; path = MIFabButton.xib; sourceTree = "<group>"; };
		ACC3F2A91DA4EF0E0066C348 /* MIFab.swift */ = {isa = PBXFileReference; fileEncoding = 4; lastKnownFileType = sourcecode.swift; path = MIFab.swift; sourceTree = "<group>"; };
		ACC3F2AC1DA4EF0E0066C348 /* MIFabOptionCell.swift */ = {isa = PBXFileReference; fileEncoding = 4; lastKnownFileType = sourcecode.swift; path = MIFabOptionCell.swift; sourceTree = "<group>"; };
		ACC3F2AD1DA4EF0E0066C348 /* MIFabOptionCell.xib */ = {isa = PBXFileReference; fileEncoding = 4; lastKnownFileType = file.xib; path = MIFabOptionCell.xib; sourceTree = "<group>"; };
		ACC3F2AE1DA4EF0E0066C348 /* MIFabOptionsVC.swift */ = {isa = PBXFileReference; fileEncoding = 4; lastKnownFileType = sourcecode.swift; path = MIFabOptionsVC.swift; sourceTree = "<group>"; };
		ACC3F2AF1DA4EF0E0066C348 /* MIFabOptionsVC.xib */ = {isa = PBXFileReference; fileEncoding = 4; lastKnownFileType = file.xib; path = MIFabOptionsVC.xib; sourceTree = "<group>"; };
/* End PBXFileReference section */

/* Begin PBXFrameworksBuildPhase section */
		ACC3F28D1DA4EB530066C348 /* Frameworks */ = {
			isa = PBXFrameworksBuildPhase;
			buildActionMask = 2147483647;
			files = (
			);
			runOnlyForDeploymentPostprocessing = 0;
		};
/* End PBXFrameworksBuildPhase section */

/* Begin PBXGroup section */
		ACC3F2871DA4EB530066C348 = {
			isa = PBXGroup;
			children = (
				ACC3F2A51DA4EF0E0066C348 /* MIFab */,
				ACC3F2921DA4EB530066C348 /* MIFabDemo */,
				ACC3F2911DA4EB530066C348 /* Products */,
			);
			sourceTree = "<group>";
		};
		ACC3F2911DA4EB530066C348 /* Products */ = {
			isa = PBXGroup;
			children = (
				ACC3F2901DA4EB530066C348 /* MIFabDemo.app */,
			);
			name = Products;
			sourceTree = "<group>";
		};
		ACC3F2921DA4EB530066C348 /* MIFabDemo */ = {
			isa = PBXGroup;
			children = (
				ACC3F2931DA4EB530066C348 /* AppDelegate.swift */,
				ACC3F2951DA4EB530066C348 /* ViewController.swift */,
				ACC3F2971DA4EB540066C348 /* Main.storyboard */,
				ACC3F29A1DA4EB540066C348 /* Assets.xcassets */,
				ACC3F29C1DA4EB540066C348 /* LaunchScreen.storyboard */,
				ACC3F29F1DA4EB540066C348 /* Info.plist */,
			);
			path = MIFabDemo;
			sourceTree = "<group>";
		};
		ACC3F2A51DA4EF0E0066C348 /* MIFab */ = {
			isa = PBXGroup;
			children = (
				ACC3F2A91DA4EF0E0066C348 /* MIFab.swift */,
				ACC3F2A61DA4EF0E0066C348 /* Button */,
				ACC3F2AA1DA4EF0E0066C348 /* OptionsVC */,
			);
			path = MIFab;
			sourceTree = "<group>";
		};
		ACC3F2A61DA4EF0E0066C348 /* Button */ = {
			isa = PBXGroup;
			children = (
				ACC3F2A71DA4EF0E0066C348 /* MIFabButton.swift */,
				ACC3F2A81DA4EF0E0066C348 /* MIFabButton.xib */,
			);
			path = Button;
			sourceTree = "<group>";
		};
		ACC3F2AA1DA4EF0E0066C348 /* OptionsVC */ = {
			isa = PBXGroup;
			children = (
				ACC3F2AE1DA4EF0E0066C348 /* MIFabOptionsVC.swift */,
				ACC3F2AF1DA4EF0E0066C348 /* MIFabOptionsVC.xib */,
				ACC3F2AB1DA4EF0E0066C348 /* Cell */,
			);
			path = OptionsVC;
			sourceTree = "<group>";
		};
		ACC3F2AB1DA4EF0E0066C348 /* Cell */ = {
			isa = PBXGroup;
			children = (
				ACC3F2AC1DA4EF0E0066C348 /* MIFabOptionCell.swift */,
				ACC3F2AD1DA4EF0E0066C348 /* MIFabOptionCell.xib */,
			);
			path = Cell;
			sourceTree = "<group>";
		};
/* End PBXGroup section */

/* Begin PBXNativeTarget section */
		ACC3F28F1DA4EB530066C348 /* MIFabDemo */ = {
			isa = PBXNativeTarget;
			buildConfigurationList = ACC3F2A21DA4EB540066C348 /* Build configuration list for PBXNativeTarget "MIFabDemo" */;
			buildPhases = (
				ACC3F28C1DA4EB530066C348 /* Sources */,
				ACC3F28D1DA4EB530066C348 /* Frameworks */,
				ACC3F28E1DA4EB530066C348 /* Resources */,
			);
			buildRules = (
			);
			dependencies = (
			);
			name = MIFabDemo;
			productName = MIFabDemo;
			productReference = ACC3F2901DA4EB530066C348 /* MIFabDemo.app */;
			productType = "com.apple.product-type.application";
		};
/* End PBXNativeTarget section */

/* Begin PBXProject section */
		ACC3F2881DA4EB530066C348 /* Project object */ = {
			isa = PBXProject;
			attributes = {
				LastSwiftUpdateCheck = 0800;
				LastUpgradeCheck = 0800;
				ORGANIZATIONNAME = "Mario Iannotta";
				TargetAttributes = {
					ACC3F28F1DA4EB530066C348 = {
						CreatedOnToolsVersion = 8.0;
						DevelopmentTeam = X9253HG4XT;
						ProvisioningStyle = Automatic;
					};
				};
			};
			buildConfigurationList = ACC3F28B1DA4EB530066C348 /* Build configuration list for PBXProject "MIFabDemo" */;
			compatibilityVersion = "Xcode 3.2";
			developmentRegion = English;
			hasScannedForEncodings = 0;
			knownRegions = (
				en,
				Base,
			);
			mainGroup = ACC3F2871DA4EB530066C348;
			productRefGroup = ACC3F2911DA4EB530066C348 /* Products */;
			projectDirPath = "";
			projectRoot = "";
			targets = (
				ACC3F28F1DA4EB530066C348 /* MIFabDemo */,
			);
		};
/* End PBXProject section */

/* Begin PBXResourcesBuildPhase section */
		ACC3F28E1DA4EB530066C348 /* Resources */ = {
			isa = PBXResourcesBuildPhase;
			buildActionMask = 2147483647;
			files = (
				ACC3F2B41DA4EF0E0066C348 /* MIFabOptionCell.xib in Resources */,
				ACC3F29E1DA4EB540066C348 /* LaunchScreen.storyboard in Resources */,
				ACC3F29B1DA4EB540066C348 /* Assets.xcassets in Resources */,
				ACC3F2B61DA4EF0E0066C348 /* MIFabOptionsVC.xib in Resources */,
				ACC3F2991DA4EB540066C348 /* Main.storyboard in Resources */,
				ACC3F2B11DA4EF0E0066C348 /* MIFabButton.xib in Resources */,
			);
			runOnlyForDeploymentPostprocessing = 0;
		};
/* End PBXResourcesBuildPhase section */

/* Begin PBXSourcesBuildPhase section */
		ACC3F28C1DA4EB530066C348 /* Sources */ = {
			isa = PBXSourcesBuildPhase;
			buildActionMask = 2147483647;
			files = (
				ACC3F2B01DA4EF0E0066C348 /* MIFabButton.swift in Sources */,
				ACC3F2B21DA4EF0E0066C348 /* MIFab.swift in Sources */,
				ACC3F2B31DA4EF0E0066C348 /* MIFabOptionCell.swift in Sources */,
				ACC3F2B51DA4EF0E0066C348 /* MIFabOptionsVC.swift in Sources */,
				ACC3F2961DA4EB530066C348 /* ViewController.swift in Sources */,
				ACC3F2941DA4EB530066C348 /* AppDelegate.swift in Sources */,
			);
			runOnlyForDeploymentPostprocessing = 0;
		};
/* End PBXSourcesBuildPhase section */

/* Begin PBXVariantGroup section */
		ACC3F2971DA4EB540066C348 /* Main.storyboard */ = {
			isa = PBXVariantGroup;
			children = (
				ACC3F2981DA4EB540066C348 /* Base */,
			);
			name = Main.storyboard;
			sourceTree = "<group>";
		};
		ACC3F29C1DA4EB540066C348 /* LaunchScreen.storyboard */ = {
			isa = PBXVariantGroup;
			children = (
				ACC3F29D1DA4EB540066C348 /* Base */,
			);
			name = LaunchScreen.storyboard;
			sourceTree = "<group>";
		};
/* End PBXVariantGroup section */

/* Begin XCBuildConfiguration section */
		ACC3F2A01DA4EB540066C348 /* Debug */ = {
			isa = XCBuildConfiguration;
			buildSettings = {
				ALWAYS_SEARCH_USER_PATHS = NO;
				CLANG_ANALYZER_NONNULL = YES;
				CLANG_CXX_LANGUAGE_STANDARD = "gnu++0x";
				CLANG_CXX_LIBRARY = "libc++";
				CLANG_ENABLE_MODULES = YES;
				CLANG_ENABLE_OBJC_ARC = YES;
				CLANG_WARN_BOOL_CONVERSION = YES;
				CLANG_WARN_CONSTANT_CONVERSION = YES;
				CLANG_WARN_DIRECT_OBJC_ISA_USAGE = YES_ERROR;
				CLANG_WARN_DOCUMENTATION_COMMENTS = YES;
				CLANG_WARN_EMPTY_BODY = YES;
				CLANG_WARN_ENUM_CONVERSION = YES;
				CLANG_WARN_INFINITE_RECURSION = YES;
				CLANG_WARN_INT_CONVERSION = YES;
				CLANG_WARN_OBJC_ROOT_CLASS = YES_ERROR;
				CLANG_WARN_SUSPICIOUS_MOVES = YES;
				CLANG_WARN_UNREACHABLE_CODE = YES;
				CLANG_WARN__DUPLICATE_METHOD_MATCH = YES;
				"CODE_SIGN_IDENTITY[sdk=iphoneos*]" = "iPhone Developer";
				COPY_PHASE_STRIP = NO;
				DEBUG_INFORMATION_FORMAT = dwarf;
				ENABLE_STRICT_OBJC_MSGSEND = YES;
				ENABLE_TESTABILITY = YES;
				GCC_C_LANGUAGE_STANDARD = gnu99;
				GCC_DYNAMIC_NO_PIC = NO;
				GCC_NO_COMMON_BLOCKS = YES;
				GCC_OPTIMIZATION_LEVEL = 0;
				GCC_PREPROCESSOR_DEFINITIONS = (
					"DEBUG=1",
					"$(inherited)",
				);
				GCC_WARN_64_TO_32_BIT_CONVERSION = YES;
				GCC_WARN_ABOUT_RETURN_TYPE = YES_ERROR;
				GCC_WARN_UNDECLARED_SELECTOR = YES;
				GCC_WARN_UNINITIALIZED_AUTOS = YES_AGGRESSIVE;
				GCC_WARN_UNUSED_FUNCTION = YES;
				GCC_WARN_UNUSED_VARIABLE = YES;
				IPHONEOS_DEPLOYMENT_TARGET = 10.0;
				MTL_ENABLE_DEBUG_INFO = YES;
				ONLY_ACTIVE_ARCH = YES;
				SDKROOT = iphoneos;
				SWIFT_ACTIVE_COMPILATION_CONDITIONS = DEBUG;
				SWIFT_OPTIMIZATION_LEVEL = "-Onone";
				TARGETED_DEVICE_FAMILY = "1,2";
			};
			name = Debug;
		};
		ACC3F2A11DA4EB540066C348 /* Release */ = {
			isa = XCBuildConfiguration;
			buildSettings = {
				ALWAYS_SEARCH_USER_PATHS = NO;
				CLANG_ANALYZER_NONNULL = YES;
				CLANG_CXX_LANGUAGE_STANDARD = "gnu++0x";
				CLANG_CXX_LIBRARY = "libc++";
				CLANG_ENABLE_MODULES = YES;
				CLANG_ENABLE_OBJC_ARC = YES;
				CLANG_WARN_BOOL_CONVERSION = YES;
				CLANG_WARN_CONSTANT_CONVERSION = YES;
				CLANG_WARN_DIRECT_OBJC_ISA_USAGE = YES_ERROR;
				CLANG_WARN_DOCUMENTATION_COMMENTS = YES;
				CLANG_WARN_EMPTY_BODY = YES;
				CLANG_WARN_ENUM_CONVERSION = YES;
				CLANG_WARN_INFINITE_RECURSION = YES;
				CLANG_WARN_INT_CONVERSION = YES;
				CLANG_WARN_OBJC_ROOT_CLASS = YES_ERROR;
				CLANG_WARN_SUSPICIOUS_MOVES = YES;
				CLANG_WARN_UNREACHABLE_CODE = YES;
				CLANG_WARN__DUPLICATE_METHOD_MATCH = YES;
				"CODE_SIGN_IDENTITY[sdk=iphoneos*]" = "iPhone Developer";
				COPY_PHASE_STRIP = NO;
				DEBUG_INFORMATION_FORMAT = "dwarf-with-dsym";
				ENABLE_NS_ASSERTIONS = NO;
				ENABLE_STRICT_OBJC_MSGSEND = YES;
				GCC_C_LANGUAGE_STANDARD = gnu99;
				GCC_NO_COMMON_BLOCKS = YES;
				GCC_WARN_64_TO_32_BIT_CONVERSION = YES;
				GCC_WARN_ABOUT_RETURN_TYPE = YES_ERROR;
				GCC_WARN_UNDECLARED_SELECTOR = YES;
				GCC_WARN_UNINITIALIZED_AUTOS = YES_AGGRESSIVE;
				GCC_WARN_UNUSED_FUNCTION = YES;
				GCC_WARN_UNUSED_VARIABLE = YES;
				IPHONEOS_DEPLOYMENT_TARGET = 10.0;
				MTL_ENABLE_DEBUG_INFO = NO;
				SDKROOT = iphoneos;
				SWIFT_OPTIMIZATION_LEVEL = "-Owholemodule";
				TARGETED_DEVICE_FAMILY = "1,2";
				VALIDATE_PRODUCT = YES;
			};
			name = Release;
		};
		ACC3F2A31DA4EB540066C348 /* Debug */ = {
			isa = XCBuildConfiguration;
			buildSettings = {
				ASSETCATALOG_COMPILER_APPICON_NAME = AppIcon;
				DEVELOPMENT_TEAM = X9253HG4XT;
				INFOPLIST_FILE = MIFabDemo/Info.plist;
				LD_RUNPATH_SEARCH_PATHS = "$(inherited) @executable_path/Frameworks";
				PRODUCT_BUNDLE_IDENTIFIER = com.marioiannotta.MIFabDemo;
				PRODUCT_NAME = "$(TARGET_NAME)";
				SWIFT_VERSION = 3.0;
			};
			name = Debug;
		};
		ACC3F2A41DA4EB540066C348 /* Release */ = {
			isa = XCBuildConfiguration;
			buildSettings = {
				ASSETCATALOG_COMPILER_APPICON_NAME = AppIcon;
				DEVELOPMENT_TEAM = X9253HG4XT;
				INFOPLIST_FILE = MIFabDemo/Info.plist;
				LD_RUNPATH_SEARCH_PATHS = "$(inherited) @executable_path/Frameworks";
				PRODUCT_BUNDLE_IDENTIFIER = com.marioiannotta.MIFabDemo;
				PRODUCT_NAME = "$(TARGET_NAME)";
				SWIFT_VERSION = 3.0;
			};
			name = Release;
		};
/* End XCBuildConfiguration section */

/* Begin XCConfigurationList section */
		ACC3F28B1DA4EB530066C348 /* Build configuration list for PBXProject "MIFabDemo" */ = {
			isa = XCConfigurationList;
			buildConfigurations = (
				ACC3F2A01DA4EB540066C348 /* Debug */,
				ACC3F2A11DA4EB540066C348 /* Release */,
			);
			defaultConfigurationIsVisible = 0;
			defaultConfigurationName = Release;
		};
		ACC3F2A21DA4EB540066C348 /* Build configuration list for PBXNativeTarget "MIFabDemo" */ = {
			isa = XCConfigurationList;
			buildConfigurations = (
				ACC3F2A31DA4EB540066C348 /* Debug */,
				ACC3F2A41DA4EB540066C348 /* Release */,
			);
			defaultConfigurationIsVisible = 0;
			defaultConfigurationName = Release;
		};
/* End XCConfigurationList section */
	};
	rootObject = ACC3F2881DA4EB530066C348 /* Project object */;
}
